
Microsoft Visual Studio Solution File, Format Version 12.00
Project("{FAE04EC0-301F-11D3-BF4B-00C04F79EFBC}") = "FrifloCodegen2", "FrifloCodegen2\FrifloCodegen2\FrifloCodegen2.csproj", "{FA1ADF52-53DB-42AC-8947-A0F1C8BCC696}"
EndProject
Project("{FAE04EC0-301F-11D3-BF4B-00C04F79EFBC}") = "FrifloCodegen2.Sample", "FrifloCodegen2\FrifloCodegen2.Sample\FrifloCodegen2.Sample.csproj", "{3AE2BB77-341F-45CA-AA8B-206160F8CFD1}"
EndProject
Global
	GlobalSection(SolutionConfigurationPlatforms) = preSolution
		Debug|Any CPU = Debug|Any CPU
		Release|Any CPU = Release|Any CPU
	EndGlobalSection
	GlobalSection(ProjectConfigurationPlatforms) = postSolution
		{FA1ADF52-53DB-42AC-8947-A0F1C8BCC696}.Release|Any CPU.ActiveCfg = Release|Any CPU
		{FA1ADF52-53DB-42AC-8947-A0F1C8BCC696}.Release|Any CPU.Build.0 = Release|Any CPU
		{FA1ADF52-53DB-42AC-8947-A0F1C8BCC696}.Debug|Any CPU.ActiveCfg = Release|Any CPU
		{FA1ADF52-53DB-42AC-8947-A0F1C8BCC696}.Debug|Any CPU.Build.0 = Release|Any CPU
		{3AE2BB77-341F-45CA-AA8B-206160F8CFD1}.Debug|Any CPU.ActiveCfg = Debug|Any CPU
		{3AE2BB77-341F-45CA-AA8B-206160F8CFD1}.Debug|Any CPU.Build.0 = Debug|Any CPU
		{3AE2BB77-341F-45CA-AA8B-206160F8CFD1}.Release|Any CPU.ActiveCfg = Release|Any CPU
		{3AE2BB77-341F-45CA-AA8B-206160F8CFD1}.Release|Any CPU.Build.0 = Release|Any CPU
	EndGlobalSection
EndGlobal
